// !$*UTF8*$!
{
	archiveVersion = 1;
	classes = {
	};
	objectVersion = 50;
	objects = {

/* Begin PBXBuildFile section */
		07F4B0132BF84FF617636161 /* Pods_AppSyncMessagesTests.framework in Frameworks */ = {isa = PBXBuildFile; fileRef = F84835D32093AF5A21C8B95A /* Pods_AppSyncMessagesTests.framework */; };
		658B5812307975396A0FA700 /* Pods_AppSyncMessagesUITests.framework in Frameworks */ = {isa = PBXBuildFile; fileRef = 34C19D313038032E82078B68 /* Pods_AppSyncMessagesUITests.framework */; };
		77B8A7436800EBE70983807E /* Pods_AppSyncMessagesUITests.framework in Frameworks */ = {isa = PBXBuildFile; fileRef = D0E6BA0320F7673F00059745 /* Pods_AppSyncMessagesUITests.framework */; };
		D0100C7820F76B590028929E /* API.swift in Sources */ = {isa = PBXBuildFile; fileRef = D0100C7720F76B590028929E /* API.swift */; };
		D0AA6E4820E100780068B02B /* AppDelegate.swift in Sources */ = {isa = PBXBuildFile; fileRef = D0AA6E4720E100780068B02B /* AppDelegate.swift */; };
		D0AA6E4A20E100780068B02B /* ConversationsController.swift in Sources */ = {isa = PBXBuildFile; fileRef = D0AA6E4920E100780068B02B /* ConversationsController.swift */; };
		D0AA6E5020E100780068B02B /* AppSyncMessages.xcdatamodeld in Sources */ = {isa = PBXBuildFile; fileRef = D0AA6E4E20E100780068B02B /* AppSyncMessages.xcdatamodeld */; };
		D0AA6E5220E1007A0068B02B /* Assets.xcassets in Resources */ = {isa = PBXBuildFile; fileRef = D0AA6E5120E1007A0068B02B /* Assets.xcassets */; };
		D0AA6E5520E1007A0068B02B /* LaunchScreen.storyboard in Resources */ = {isa = PBXBuildFile; fileRef = D0AA6E5320E1007A0068B02B /* LaunchScreen.storyboard */; };
		D0AA6E6020E1007A0068B02B /* AppSyncMessagesTests.swift in Sources */ = {isa = PBXBuildFile; fileRef = D0AA6E5F20E1007A0068B02B /* AppSyncMessagesTests.swift */; };
		D0AA6E6B20E1007A0068B02B /* AppSyncMessagesUITests.swift in Sources */ = {isa = PBXBuildFile; fileRef = D0AA6E6A20E1007A0068B02B /* AppSyncMessagesUITests.swift */; };
		D0AA6E7A20E142B30068B02B /* UIViewExtension.swift in Sources */ = {isa = PBXBuildFile; fileRef = D0AA6E7920E142B30068B02B /* UIViewExtension.swift */; };
		D0AA6E7C20E142DE0068B02B /* UIColorExtension.swift in Sources */ = {isa = PBXBuildFile; fileRef = D0AA6E7B20E142DE0068B02B /* UIColorExtension.swift */; };
		D0AA6E8120E145470068B02B /* ConversationCell.swift in Sources */ = {isa = PBXBuildFile; fileRef = D0AA6E8020E145470068B02B /* ConversationCell.swift */; };
		D0AA6E8320E233090068B02B /* SearchCell.swift in Sources */ = {isa = PBXBuildFile; fileRef = D0AA6E8220E233090068B02B /* SearchCell.swift */; };
		D0AA6E8720E23DF80068B02B /* UISearchBarExtension.swift in Sources */ = {isa = PBXBuildFile; fileRef = D0AA6E8620E23DF80068B02B /* UISearchBarExtension.swift */; };
		D0AA6E8A20E255FF0068B02B /* MessagesDataManager.swift in Sources */ = {isa = PBXBuildFile; fileRef = D0AA6E8920E255FF0068B02B /* MessagesDataManager.swift */; };
		D0AA6E8D20E25C380068B02B /* ConversationCellViewModel.swift in Sources */ = {isa = PBXBuildFile; fileRef = D0AA6E8C20E25C380068B02B /* ConversationCellViewModel.swift */; };
		D0AA6E9E20E3E05B0068B02B /* MessagesCollectionViewController.swift in Sources */ = {isa = PBXBuildFile; fileRef = D0AA6E9D20E3E05B0068B02B /* MessagesCollectionViewController.swift */; };
		D0AA6EA020E4F9F00068B02B /* DateExtension.swift in Sources */ = {isa = PBXBuildFile; fileRef = D0AA6E9F20E4F9F00068B02B /* DateExtension.swift */; };
		D0AA6EA220E50B6D0068B02B /* UIFontExtension.swift in Sources */ = {isa = PBXBuildFile; fileRef = D0AA6EA120E50B6D0068B02B /* UIFontExtension.swift */; };
		D0AA6EA420E535440068B02B /* ChatBubbleCell.swift in Sources */ = {isa = PBXBuildFile; fileRef = D0AA6EA320E535440068B02B /* ChatBubbleCell.swift */; };
		D0E6B9F920F75E7A00059745 /* Constants.swift in Sources */ = {isa = PBXBuildFile; fileRef = D0E6B9F820F75E7A00059745 /* Constants.swift */; };
		D0E6B9FC20F764D700059745 /* AppSyncService.swift in Sources */ = {isa = PBXBuildFile; fileRef = D0E6B9FB20F764D700059745 /* AppSyncService.swift */; };
		D0E6B9FE20F7673F00059745 /* AWSAppSync.framework in Frameworks */ = {isa = PBXBuildFile; fileRef = D0E6B9FD20F7673F00059745 /* AWSAppSync.framework */; };
		D0E6BA0020F7673F00059745 /* AWSCore.framework in Frameworks */ = {isa = PBXBuildFile; fileRef = D0E6B9FF20F7673F00059745 /* AWSCore.framework */; };
		D0E6BA0220F7673F00059745 /* Pods_AppSyncMessagesTests.framework in Frameworks */ = {isa = PBXBuildFile; fileRef = D0E6BA0120F7673F00059745 /* Pods_AppSyncMessagesTests.framework */; };
		D0E6BA0420F7673F00059745 /* Pods_AppSyncMessagesUITests.framework in Frameworks */ = {isa = PBXBuildFile; fileRef = D0E6BA0320F7673F00059745 /* Pods_AppSyncMessagesUITests.framework */; };
		D0E6BA0620F7673F00059745 /* Reachability.framework in Frameworks */ = {isa = PBXBuildFile; fileRef = D0E6BA0520F7673F00059745 /* Reachability.framework */; };
		D0E6BA0820F7673F00059745 /* SQLite.framework in Frameworks */ = {isa = PBXBuildFile; fileRef = D0E6BA0720F7673F00059745 /* SQLite.framework */; };
		D0F6D0C820ED1E69004E7E2F /* ProfileDataManager.swift in Sources */ = {isa = PBXBuildFile; fileRef = D0F6D0C720ED1E69004E7E2F /* ProfileDataManager.swift */; };
		D0F6D0CA20ED1FED004E7E2F /* CoreDataManager.swift in Sources */ = {isa = PBXBuildFile; fileRef = D0F6D0C920ED1FED004E7E2F /* CoreDataManager.swift */; };
		D0F6D0CE20EE4ED3004E7E2F /* UITextViewExtension.swift in Sources */ = {isa = PBXBuildFile; fileRef = D0F6D0CD20EE4ED3004E7E2F /* UITextViewExtension.swift */; };
		D0F6D0D020F399D1004E7E2F /* messages.graphql in Resources */ = {isa = PBXBuildFile; fileRef = D0F6D0CF20F399D1004E7E2F /* messages.graphql */; };
		D0F6D0D820F61BE4004E7E2F /* AppSync.json in Resources */ = {isa = PBXBuildFile; fileRef = D0F6D0D620F61BE3004E7E2F /* AppSync.json */; };
		D0F6D0D920F61BE4004E7E2F /* schema.json in Resources */ = {isa = PBXBuildFile; fileRef = D0F6D0D720F61BE3004E7E2F /* schema.json */; };
		E04603BF79F60CC0C0639F4C /* Pods_AppSyncMessagesTests.framework in Frameworks */ = {isa = PBXBuildFile; fileRef = D0E6BA0120F7673F00059745 /* Pods_AppSyncMessagesTests.framework */; };
		E191102EC8650CE1544E8E3E /* Pods_AppSyncMessages.framework in Frameworks */ = {isa = PBXBuildFile; fileRef = 34D6FC5E923F5564A0BA046A /* Pods_AppSyncMessages.framework */; };
/* End PBXBuildFile section */

/* Begin PBXContainerItemProxy section */
		D0AA6E5C20E1007A0068B02B /* PBXContainerItemProxy */ = {
			isa = PBXContainerItemProxy;
			containerPortal = D0AA6E3C20E100780068B02B /* Project object */;
			proxyType = 1;
			remoteGlobalIDString = D0AA6E4320E100780068B02B;
			remoteInfo = AppSyncMessages;
		};
		D0AA6E6720E1007A0068B02B /* PBXContainerItemProxy */ = {
			isa = PBXContainerItemProxy;
			containerPortal = D0AA6E3C20E100780068B02B /* Project object */;
			proxyType = 1;
			remoteGlobalIDString = D0AA6E4320E100780068B02B;
			remoteInfo = AppSyncMessages;
		};
/* End PBXContainerItemProxy section */

/* Begin PBXFileReference section */
		34559A630126DCE0838504CD /* Pods-AppSyncMessages.release.xcconfig */ = {isa = PBXFileReference; includeInIndex = 1; lastKnownFileType = text.xcconfig; name = "Pods-AppSyncMessages.release.xcconfig"; path = "Pods/Target Support Files/Pods-AppSyncMessages/Pods-AppSyncMessages.release.xcconfig"; sourceTree = "<group>"; };
		34C19D313038032E82078B68 /* Pods_AppSyncMessagesUITests.framework */ = {isa = PBXFileReference; explicitFileType = wrapper.framework; includeInIndex = 0; path = Pods_AppSyncMessagesUITests.framework; sourceTree = BUILT_PRODUCTS_DIR; };
		34D6FC5E923F5564A0BA046A /* Pods_AppSyncMessages.framework */ = {isa = PBXFileReference; explicitFileType = wrapper.framework; includeInIndex = 0; path = Pods_AppSyncMessages.framework; sourceTree = BUILT_PRODUCTS_DIR; };
		42ADC18EB33B7AEFFADE7E07 /* Pods-AppSyncMessagesUITests.release.xcconfig */ = {isa = PBXFileReference; includeInIndex = 1; lastKnownFileType = text.xcconfig; name = "Pods-AppSyncMessagesUITests.release.xcconfig"; path = "Pods/Target Support Files/Pods-AppSyncMessagesUITests/Pods-AppSyncMessagesUITests.release.xcconfig"; sourceTree = "<group>"; };
		4B81F04175C42B9275D88B87 /* Pods-AppSyncMessagesUITests.debug.xcconfig */ = {isa = PBXFileReference; includeInIndex = 1; lastKnownFileType = text.xcconfig; name = "Pods-AppSyncMessagesUITests.debug.xcconfig"; path = "Pods/Target Support Files/Pods-AppSyncMessagesUITests/Pods-AppSyncMessagesUITests.debug.xcconfig"; sourceTree = "<group>"; };
		9674E38D637F758F0C8FA4CA /* Pods-AppSyncMessagesTests.debug.xcconfig */ = {isa = PBXFileReference; includeInIndex = 1; lastKnownFileType = text.xcconfig; name = "Pods-AppSyncMessagesTests.debug.xcconfig"; path = "Pods/Target Support Files/Pods-AppSyncMessagesTests/Pods-AppSyncMessagesTests.debug.xcconfig"; sourceTree = "<group>"; };
		B5F2917FE33E12B838B62244 /* Pods-AppSyncMessages.debug.xcconfig */ = {isa = PBXFileReference; includeInIndex = 1; lastKnownFileType = text.xcconfig; name = "Pods-AppSyncMessages.debug.xcconfig"; path = "Pods/Target Support Files/Pods-AppSyncMessages/Pods-AppSyncMessages.debug.xcconfig"; sourceTree = "<group>"; };
		D0100C7720F76B590028929E /* API.swift */ = {isa = PBXFileReference; fileEncoding = 4; lastKnownFileType = sourcecode.swift; path = API.swift; sourceTree = SOURCE_ROOT; };
		D0AA6E4420E100780068B02B /* AppSyncMessages.app */ = {isa = PBXFileReference; explicitFileType = wrapper.application; includeInIndex = 0; path = AppSyncMessages.app; sourceTree = BUILT_PRODUCTS_DIR; };
		D0AA6E4720E100780068B02B /* AppDelegate.swift */ = {isa = PBXFileReference; lastKnownFileType = sourcecode.swift; path = AppDelegate.swift; sourceTree = "<group>"; };
		D0AA6E4920E100780068B02B /* ConversationsController.swift */ = {isa = PBXFileReference; lastKnownFileType = sourcecode.swift; path = ConversationsController.swift; sourceTree = "<group>"; };
		D0AA6E4F20E100780068B02B /* AppSyncMessages.xcdatamodel */ = {isa = PBXFileReference; lastKnownFileType = wrapper.xcdatamodel; path = AppSyncMessages.xcdatamodel; sourceTree = "<group>"; };
		D0AA6E5120E1007A0068B02B /* Assets.xcassets */ = {isa = PBXFileReference; lastKnownFileType = folder.assetcatalog; path = Assets.xcassets; sourceTree = "<group>"; };
		D0AA6E5420E1007A0068B02B /* Base */ = {isa = PBXFileReference; lastKnownFileType = file.storyboard; name = Base; path = Base.lproj/LaunchScreen.storyboard; sourceTree = "<group>"; };
		D0AA6E5620E1007A0068B02B /* Info.plist */ = {isa = PBXFileReference; lastKnownFileType = text.plist.xml; path = Info.plist; sourceTree = "<group>"; };
		D0AA6E5B20E1007A0068B02B /* AppSyncMessagesTests.xctest */ = {isa = PBXFileReference; explicitFileType = wrapper.cfbundle; includeInIndex = 0; path = AppSyncMessagesTests.xctest; sourceTree = BUILT_PRODUCTS_DIR; };
		D0AA6E5F20E1007A0068B02B /* AppSyncMessagesTests.swift */ = {isa = PBXFileReference; lastKnownFileType = sourcecode.swift; path = AppSyncMessagesTests.swift; sourceTree = "<group>"; };
		D0AA6E6120E1007A0068B02B /* Info.plist */ = {isa = PBXFileReference; lastKnownFileType = text.plist.xml; path = Info.plist; sourceTree = "<group>"; };
		D0AA6E6620E1007A0068B02B /* AppSyncMessagesUITests.xctest */ = {isa = PBXFileReference; explicitFileType = wrapper.cfbundle; includeInIndex = 0; path = AppSyncMessagesUITests.xctest; sourceTree = BUILT_PRODUCTS_DIR; };
		D0AA6E6A20E1007A0068B02B /* AppSyncMessagesUITests.swift */ = {isa = PBXFileReference; lastKnownFileType = sourcecode.swift; path = AppSyncMessagesUITests.swift; sourceTree = "<group>"; };
		D0AA6E6C20E1007A0068B02B /* Info.plist */ = {isa = PBXFileReference; lastKnownFileType = text.plist.xml; path = Info.plist; sourceTree = "<group>"; };
		D0AA6E7920E142B30068B02B /* UIViewExtension.swift */ = {isa = PBXFileReference; lastKnownFileType = sourcecode.swift; path = UIViewExtension.swift; sourceTree = "<group>"; };
		D0AA6E7B20E142DE0068B02B /* UIColorExtension.swift */ = {isa = PBXFileReference; lastKnownFileType = sourcecode.swift; path = UIColorExtension.swift; sourceTree = "<group>"; };
		D0AA6E8020E145470068B02B /* ConversationCell.swift */ = {isa = PBXFileReference; lastKnownFileType = sourcecode.swift; path = ConversationCell.swift; sourceTree = "<group>"; };
		D0AA6E8220E233090068B02B /* SearchCell.swift */ = {isa = PBXFileReference; lastKnownFileType = sourcecode.swift; path = SearchCell.swift; sourceTree = "<group>"; };
		D0AA6E8620E23DF80068B02B /* UISearchBarExtension.swift */ = {isa = PBXFileReference; lastKnownFileType = sourcecode.swift; path = UISearchBarExtension.swift; sourceTree = "<group>"; };
		D0AA6E8920E255FF0068B02B /* MessagesDataManager.swift */ = {isa = PBXFileReference; lastKnownFileType = sourcecode.swift; path = MessagesDataManager.swift; sourceTree = "<group>"; };
		D0AA6E8C20E25C380068B02B /* ConversationCellViewModel.swift */ = {isa = PBXFileReference; lastKnownFileType = sourcecode.swift; path = ConversationCellViewModel.swift; sourceTree = "<group>"; };
		D0AA6E9D20E3E05B0068B02B /* MessagesCollectionViewController.swift */ = {isa = PBXFileReference; lastKnownFileType = sourcecode.swift; path = MessagesCollectionViewController.swift; sourceTree = "<group>"; };
		D0AA6E9F20E4F9F00068B02B /* DateExtension.swift */ = {isa = PBXFileReference; lastKnownFileType = sourcecode.swift; path = DateExtension.swift; sourceTree = "<group>"; };
		D0AA6EA120E50B6D0068B02B /* UIFontExtension.swift */ = {isa = PBXFileReference; lastKnownFileType = sourcecode.swift; path = UIFontExtension.swift; sourceTree = "<group>"; };
		D0AA6EA320E535440068B02B /* ChatBubbleCell.swift */ = {isa = PBXFileReference; lastKnownFileType = sourcecode.swift; path = ChatBubbleCell.swift; sourceTree = "<group>"; };
		D0E6B9F820F75E7A00059745 /* Constants.swift */ = {isa = PBXFileReference; lastKnownFileType = sourcecode.swift; path = Constants.swift; sourceTree = "<group>"; };
		D0E6B9FB20F764D700059745 /* AppSyncService.swift */ = {isa = PBXFileReference; lastKnownFileType = sourcecode.swift; path = AppSyncService.swift; sourceTree = "<group>"; };
		D0E6B9FD20F7673F00059745 /* AWSAppSync.framework */ = {isa = PBXFileReference; explicitFileType = wrapper.framework; path = AWSAppSync.framework; sourceTree = BUILT_PRODUCTS_DIR; };
		D0E6B9FF20F7673F00059745 /* AWSCore.framework */ = {isa = PBXFileReference; explicitFileType = wrapper.framework; path = AWSCore.framework; sourceTree = BUILT_PRODUCTS_DIR; };
		D0E6BA0120F7673F00059745 /* Pods_AppSyncMessagesTests.framework */ = {isa = PBXFileReference; explicitFileType = wrapper.framework; path = Pods_AppSyncMessagesTests.framework; sourceTree = BUILT_PRODUCTS_DIR; };
		D0E6BA0320F7673F00059745 /* Pods_AppSyncMessagesUITests.framework */ = {isa = PBXFileReference; explicitFileType = wrapper.framework; path = Pods_AppSyncMessagesUITests.framework; sourceTree = BUILT_PRODUCTS_DIR; };
		D0E6BA0520F7673F00059745 /* Reachability.framework */ = {isa = PBXFileReference; explicitFileType = wrapper.framework; path = Reachability.framework; sourceTree = BUILT_PRODUCTS_DIR; };
		D0E6BA0720F7673F00059745 /* SQLite.framework */ = {isa = PBXFileReference; explicitFileType = wrapper.framework; path = SQLite.framework; sourceTree = BUILT_PRODUCTS_DIR; };
		D0F6D0C720ED1E69004E7E2F /* ProfileDataManager.swift */ = {isa = PBXFileReference; lastKnownFileType = sourcecode.swift; path = ProfileDataManager.swift; sourceTree = "<group>"; };
		D0F6D0C920ED1FED004E7E2F /* CoreDataManager.swift */ = {isa = PBXFileReference; lastKnownFileType = sourcecode.swift; path = CoreDataManager.swift; sourceTree = "<group>"; };
		D0F6D0CD20EE4ED3004E7E2F /* UITextViewExtension.swift */ = {isa = PBXFileReference; lastKnownFileType = sourcecode.swift; path = UITextViewExtension.swift; sourceTree = "<group>"; };
		D0F6D0CF20F399D1004E7E2F /* messages.graphql */ = {isa = PBXFileReference; lastKnownFileType = text; path = messages.graphql; sourceTree = "<group>"; };
		D0F6D0D620F61BE3004E7E2F /* AppSync.json */ = {isa = PBXFileReference; fileEncoding = 4; lastKnownFileType = text.json; path = AppSync.json; sourceTree = "<group>"; };
		D0F6D0D720F61BE3004E7E2F /* schema.json */ = {isa = PBXFileReference; fileEncoding = 4; lastKnownFileType = text.json; path = schema.json; sourceTree = "<group>"; };
		D1FDA659F208DC16E103181F /* Pods-AppSyncMessagesTests.release.xcconfig */ = {isa = PBXFileReference; includeInIndex = 1; lastKnownFileType = text.xcconfig; name = "Pods-AppSyncMessagesTests.release.xcconfig"; path = "Pods/Target Support Files/Pods-AppSyncMessagesTests/Pods-AppSyncMessagesTests.release.xcconfig"; sourceTree = "<group>"; };
		F84835D32093AF5A21C8B95A /* Pods_AppSyncMessagesTests.framework */ = {isa = PBXFileReference; explicitFileType = wrapper.framework; includeInIndex = 0; path = Pods_AppSyncMessagesTests.framework; sourceTree = BUILT_PRODUCTS_DIR; };
/* End PBXFileReference section */

/* Begin PBXFrameworksBuildPhase section */
		D0AA6E4120E100780068B02B /* Frameworks */ = {
			isa = PBXFrameworksBuildPhase;
			buildActionMask = 2147483647;
			files = (
				D0E6B9FE20F7673F00059745 /* AWSAppSync.framework in Frameworks */,
				D0E6BA0020F7673F00059745 /* AWSCore.framework in Frameworks */,
				D0E6BA0220F7673F00059745 /* Pods_AppSyncMessagesTests.framework in Frameworks */,
				D0E6BA0420F7673F00059745 /* Pods_AppSyncMessagesUITests.framework in Frameworks */,
				D0E6BA0620F7673F00059745 /* Reachability.framework in Frameworks */,
				D0E6BA0820F7673F00059745 /* SQLite.framework in Frameworks */,
				E191102EC8650CE1544E8E3E /* Pods_AppSyncMessages.framework in Frameworks */,
			);
			runOnlyForDeploymentPostprocessing = 0;
		};
		D0AA6E5820E1007A0068B02B /* Frameworks */ = {
			isa = PBXFrameworksBuildPhase;
			buildActionMask = 2147483647;
			files = (
				07F4B0132BF84FF617636161 /* Pods_AppSyncMessagesTests.framework in Frameworks */,
				E04603BF79F60CC0C0639F4C /* Pods_AppSyncMessagesTests.framework in Frameworks */,
			);
			runOnlyForDeploymentPostprocessing = 0;
		};
		D0AA6E6320E1007A0068B02B /* Frameworks */ = {
			isa = PBXFrameworksBuildPhase;
			buildActionMask = 2147483647;
			files = (
				658B5812307975396A0FA700 /* Pods_AppSyncMessagesUITests.framework in Frameworks */,
				77B8A7436800EBE70983807E /* Pods_AppSyncMessagesUITests.framework in Frameworks */,
			);
			runOnlyForDeploymentPostprocessing = 0;
		};
/* End PBXFrameworksBuildPhase section */

/* Begin PBXGroup section */
		558BD203D6B0320FFF34A38C /* Frameworks */ = {
			isa = PBXGroup;
			children = (
				D0E6B9FD20F7673F00059745 /* AWSAppSync.framework */,
				D0E6B9FF20F7673F00059745 /* AWSCore.framework */,
				D0E6BA0120F7673F00059745 /* Pods_AppSyncMessagesTests.framework */,
				D0E6BA0320F7673F00059745 /* Pods_AppSyncMessagesUITests.framework */,
				D0E6BA0520F7673F00059745 /* Reachability.framework */,
				D0E6BA0720F7673F00059745 /* SQLite.framework */,
				34D6FC5E923F5564A0BA046A /* Pods_AppSyncMessages.framework */,
				F84835D32093AF5A21C8B95A /* Pods_AppSyncMessagesTests.framework */,
				34C19D313038032E82078B68 /* Pods_AppSyncMessagesUITests.framework */,
			);
			name = Frameworks;
			sourceTree = "<group>";
		};
		A9424D60845B13BC2E259F9E /* Pods */ = {
			isa = PBXGroup;
			children = (
				B5F2917FE33E12B838B62244 /* Pods-AppSyncMessages.debug.xcconfig */,
				34559A630126DCE0838504CD /* Pods-AppSyncMessages.release.xcconfig */,
				9674E38D637F758F0C8FA4CA /* Pods-AppSyncMessagesTests.debug.xcconfig */,
				D1FDA659F208DC16E103181F /* Pods-AppSyncMessagesTests.release.xcconfig */,
				4B81F04175C42B9275D88B87 /* Pods-AppSyncMessagesUITests.debug.xcconfig */,
				42ADC18EB33B7AEFFADE7E07 /* Pods-AppSyncMessagesUITests.release.xcconfig */,
			);
			name = Pods;
			sourceTree = "<group>";
		};
		D0AA6E3B20E100780068B02B = {
			isa = PBXGroup;
			children = (
				D0AA6E4620E100780068B02B /* AppSyncMessages */,
				D0F6D0D120F399F2004E7E2F /* GraphQLOperations */,
				D0AA6E5E20E1007A0068B02B /* AppSyncMessagesTests */,
				D0AA6E6920E1007A0068B02B /* AppSyncMessagesUITests */,
				D0AA6E4520E100780068B02B /* Products */,
				A9424D60845B13BC2E259F9E /* Pods */,
				558BD203D6B0320FFF34A38C /* Frameworks */,
			);
			sourceTree = "<group>";
		};
		D0AA6E4520E100780068B02B /* Products */ = {
			isa = PBXGroup;
			children = (
				D0AA6E4420E100780068B02B /* AppSyncMessages.app */,
				D0AA6E5B20E1007A0068B02B /* AppSyncMessagesTests.xctest */,
				D0AA6E6620E1007A0068B02B /* AppSyncMessagesUITests.xctest */,
			);
			name = Products;
			sourceTree = "<group>";
		};
		D0AA6E4620E100780068B02B /* AppSyncMessages */ = {
			isa = PBXGroup;
			children = (
				D0AA6E4720E100780068B02B /* AppDelegate.swift */,
				D0AA6E7F20E145070068B02B /* CollectionViewCells */,
				D0AA6E8820E255D30068B02B /* Core Data Managers */,
				D0AA6E7820E1429C0068B02B /* Extensions */,
				D0E6B9FA20F764B700059745 /* Sevices */,
				D0AA6E7E20E144DB0068B02B /* ViewControllers */,
				D0AA6E8B20E25C110068B02B /* ViewModels */,
				D0AA6E5120E1007A0068B02B /* Assets.xcassets */,
				D0AA6E5320E1007A0068B02B /* LaunchScreen.storyboard */,
				D0AA6E5620E1007A0068B02B /* Info.plist */,
				D0AA6E4E20E100780068B02B /* AppSyncMessages.xcdatamodeld */,
				D0E6B9F820F75E7A00059745 /* Constants.swift */,
			);
			path = AppSyncMessages;
			sourceTree = "<group>";
		};
		D0AA6E5E20E1007A0068B02B /* AppSyncMessagesTests */ = {
			isa = PBXGroup;
			children = (
				D0AA6E5F20E1007A0068B02B /* AppSyncMessagesTests.swift */,
				D0AA6E6120E1007A0068B02B /* Info.plist */,
			);
			path = AppSyncMessagesTests;
			sourceTree = "<group>";
		};
		D0AA6E6920E1007A0068B02B /* AppSyncMessagesUITests */ = {
			isa = PBXGroup;
			children = (
				D0AA6E6A20E1007A0068B02B /* AppSyncMessagesUITests.swift */,
				D0AA6E6C20E1007A0068B02B /* Info.plist */,
			);
			path = AppSyncMessagesUITests;
			sourceTree = "<group>";
		};
		D0AA6E7820E1429C0068B02B /* Extensions */ = {
			isa = PBXGroup;
			children = (
				D0AA6E9F20E4F9F00068B02B /* DateExtension.swift */,
				D0AA6E7B20E142DE0068B02B /* UIColorExtension.swift */,
				D0AA6EA120E50B6D0068B02B /* UIFontExtension.swift */,
				D0AA6E8620E23DF80068B02B /* UISearchBarExtension.swift */,
				D0AA6E7920E142B30068B02B /* UIViewExtension.swift */,
				D0F6D0CD20EE4ED3004E7E2F /* UITextViewExtension.swift */,
			);
			path = Extensions;
			sourceTree = "<group>";
		};
		D0AA6E7E20E144DB0068B02B /* ViewControllers */ = {
			isa = PBXGroup;
			children = (
				D0AA6E4920E100780068B02B /* ConversationsController.swift */,
				D0AA6E9D20E3E05B0068B02B /* MessagesCollectionViewController.swift */,
			);
			path = ViewControllers;
			sourceTree = "<group>";
		};
		D0AA6E7F20E145070068B02B /* CollectionViewCells */ = {
			isa = PBXGroup;
			children = (
				D0AA6EA320E535440068B02B /* ChatBubbleCell.swift */,
				D0AA6E8020E145470068B02B /* ConversationCell.swift */,
				D0AA6E8220E233090068B02B /* SearchCell.swift */,
			);
			path = CollectionViewCells;
			sourceTree = "<group>";
		};
		D0AA6E8820E255D30068B02B /* Core Data Managers */ = {
			isa = PBXGroup;
			children = (
				D0F6D0C920ED1FED004E7E2F /* CoreDataManager.swift */,
				D0AA6E8920E255FF0068B02B /* MessagesDataManager.swift */,
				D0F6D0C720ED1E69004E7E2F /* ProfileDataManager.swift */,
			);
			path = "Core Data Managers";
			sourceTree = "<group>";
		};
		D0AA6E8B20E25C110068B02B /* ViewModels */ = {
			isa = PBXGroup;
			children = (
				D0AA6E8C20E25C380068B02B /* ConversationCellViewModel.swift */,
			);
			path = ViewModels;
			sourceTree = "<group>";
		};
		D0E6B9FA20F764B700059745 /* Sevices */ = {
			isa = PBXGroup;
			children = (
				D0100C7720F76B590028929E /* API.swift */,
				D0E6B9FB20F764D700059745 /* AppSyncService.swift */,
			);
			path = Sevices;
			sourceTree = "<group>";
		};
		D0F6D0D120F399F2004E7E2F /* GraphQLOperations */ = {
			isa = PBXGroup;
			children = (
				D0F6D0CF20F399D1004E7E2F /* messages.graphql */,
				D0F6D0D620F61BE3004E7E2F /* AppSync.json */,
				D0F6D0D720F61BE3004E7E2F /* schema.json */,
			);
			path = GraphQLOperations;
			sourceTree = "<group>";
		};
/* End PBXGroup section */

/* Begin PBXNativeTarget section */
		D0AA6E4320E100780068B02B /* AppSyncMessages */ = {
			isa = PBXNativeTarget;
			buildConfigurationList = D0AA6E6F20E1007A0068B02B /* Build configuration list for PBXNativeTarget "AppSyncMessages" */;
			buildPhases = (
				AFAF7CD674DAC7CE49CD7445 /* [CP] Check Pods Manifest.lock */,
				D0AA6E4020E100780068B02B /* Sources */,
				D0AA6E4120E100780068B02B /* Frameworks */,
				D0AA6E4220E100780068B02B /* Resources */,
				820C92E4014F5229DB5A7D9E /* [CP] Embed Pods Frameworks */,
			);
			buildRules = (
			);
			dependencies = (
			);
			name = AppSyncMessages;
			productName = AppSyncMessages;
			productReference = D0AA6E4420E100780068B02B /* AppSyncMessages.app */;
			productType = "com.apple.product-type.application";
		};
		D0AA6E5A20E1007A0068B02B /* AppSyncMessagesTests */ = {
			isa = PBXNativeTarget;
			buildConfigurationList = D0AA6E7220E1007A0068B02B /* Build configuration list for PBXNativeTarget "AppSyncMessagesTests" */;
			buildPhases = (
				C61471FA08ADB7D584E33467 /* [CP] Check Pods Manifest.lock */,
				D0AA6E5720E1007A0068B02B /* Sources */,
				D0AA6E5820E1007A0068B02B /* Frameworks */,
				D0AA6E5920E1007A0068B02B /* Resources */,
			);
			buildRules = (
			);
			dependencies = (
				D0AA6E5D20E1007A0068B02B /* PBXTargetDependency */,
			);
			name = AppSyncMessagesTests;
			productName = AppSyncMessagesTests;
			productReference = D0AA6E5B20E1007A0068B02B /* AppSyncMessagesTests.xctest */;
			productType = "com.apple.product-type.bundle.unit-test";
		};
		D0AA6E6520E1007A0068B02B /* AppSyncMessagesUITests */ = {
			isa = PBXNativeTarget;
			buildConfigurationList = D0AA6E7520E1007A0068B02B /* Build configuration list for PBXNativeTarget "AppSyncMessagesUITests" */;
			buildPhases = (
				5F981D4BBF57633E0E543196 /* [CP] Check Pods Manifest.lock */,
				D0AA6E6220E1007A0068B02B /* Sources */,
				D0AA6E6320E1007A0068B02B /* Frameworks */,
				D0AA6E6420E1007A0068B02B /* Resources */,
			);
			buildRules = (
			);
			dependencies = (
				D0AA6E6820E1007A0068B02B /* PBXTargetDependency */,
			);
			name = AppSyncMessagesUITests;
			productName = AppSyncMessagesUITests;
			productReference = D0AA6E6620E1007A0068B02B /* AppSyncMessagesUITests.xctest */;
			productType = "com.apple.product-type.bundle.ui-testing";
		};
/* End PBXNativeTarget section */

/* Begin PBXProject section */
		D0AA6E3C20E100780068B02B /* Project object */ = {
			isa = PBXProject;
			attributes = {
				LastSwiftUpdateCheck = 0930;
				LastUpgradeCheck = 0930;
				ORGANIZATIONNAME = T101;
				TargetAttributes = {
					D0AA6E4320E100780068B02B = {
						CreatedOnToolsVersion = 9.3.1;
					};
					D0AA6E5A20E1007A0068B02B = {
						CreatedOnToolsVersion = 9.3.1;
						TestTargetID = D0AA6E4320E100780068B02B;
					};
					D0AA6E6520E1007A0068B02B = {
						CreatedOnToolsVersion = 9.3.1;
						TestTargetID = D0AA6E4320E100780068B02B;
					};
				};
			};
			buildConfigurationList = D0AA6E3F20E100780068B02B /* Build configuration list for PBXProject "AppSyncMessages" */;
			compatibilityVersion = "Xcode 9.3";
			developmentRegion = en;
			hasScannedForEncodings = 0;
			knownRegions = (
				en,
				Base,
			);
			mainGroup = D0AA6E3B20E100780068B02B;
			productRefGroup = D0AA6E4520E100780068B02B /* Products */;
			projectDirPath = "";
			projectRoot = "";
			targets = (
				D0AA6E4320E100780068B02B /* AppSyncMessages */,
				D0AA6E5A20E1007A0068B02B /* AppSyncMessagesTests */,
				D0AA6E6520E1007A0068B02B /* AppSyncMessagesUITests */,
			);
		};
/* End PBXProject section */

/* Begin PBXResourcesBuildPhase section */
		D0AA6E4220E100780068B02B /* Resources */ = {
			isa = PBXResourcesBuildPhase;
			buildActionMask = 2147483647;
			files = (
				D0AA6E5520E1007A0068B02B /* LaunchScreen.storyboard in Resources */,
				D0F6D0D920F61BE4004E7E2F /* schema.json in Resources */,
				D0AA6E5220E1007A0068B02B /* Assets.xcassets in Resources */,
				D0F6D0D820F61BE4004E7E2F /* AppSync.json in Resources */,
				D0F6D0D020F399D1004E7E2F /* messages.graphql in Resources */,
			);
			runOnlyForDeploymentPostprocessing = 0;
		};
		D0AA6E5920E1007A0068B02B /* Resources */ = {
			isa = PBXResourcesBuildPhase;
			buildActionMask = 2147483647;
			files = (
			);
			runOnlyForDeploymentPostprocessing = 0;
		};
		D0AA6E6420E1007A0068B02B /* Resources */ = {
			isa = PBXResourcesBuildPhase;
			buildActionMask = 2147483647;
			files = (
			);
			runOnlyForDeploymentPostprocessing = 0;
		};
/* End PBXResourcesBuildPhase section */

/* Begin PBXShellScriptBuildPhase section */
		5F981D4BBF57633E0E543196 /* [CP] Check Pods Manifest.lock */ = {
			isa = PBXShellScriptBuildPhase;
			buildActionMask = 2147483647;
			files = (
			);
			inputPaths = (
				"${PODS_PODFILE_DIR_PATH}/Podfile.lock",
				"${PODS_ROOT}/Manifest.lock",
			);
			name = "[CP] Check Pods Manifest.lock";
			outputPaths = (
				"$(DERIVED_FILE_DIR)/Pods-AppSyncMessagesUITests-checkManifestLockResult.txt",
			);
			runOnlyForDeploymentPostprocessing = 0;
			shellPath = /bin/sh;
			shellScript = "diff \"${PODS_PODFILE_DIR_PATH}/Podfile.lock\" \"${PODS_ROOT}/Manifest.lock\" > /dev/null\nif [ $? != 0 ] ; then\n    # print error to STDERR\n    echo \"error: The sandbox is not in sync with the Podfile.lock. Run 'pod install' or update your CocoaPods installation.\" >&2\n    exit 1\nfi\n# This output is used by Xcode 'outputs' to avoid re-running this script phase.\necho \"SUCCESS\" > \"${SCRIPT_OUTPUT_FILE_0}\"\n";
			showEnvVarsInLog = 0;
		};
		820C92E4014F5229DB5A7D9E /* [CP] Embed Pods Frameworks */ = {
			isa = PBXShellScriptBuildPhase;
			buildActionMask = 2147483647;
			files = (
			);
			inputPaths = (
				"${SRCROOT}/Pods/Target Support Files/Pods-AppSyncMessages/Pods-AppSyncMessages-frameworks.sh",
				"${BUILT_PRODUCTS_DIR}/AWSAppSync/AWSAppSync.framework",
				"${BUILT_PRODUCTS_DIR}/AWSCore/AWSCore.framework",
				"${BUILT_PRODUCTS_DIR}/ReachabilitySwift/Reachability.framework",
				"${BUILT_PRODUCTS_DIR}/SQLite.swift/SQLite.framework",
			);
			name = "[CP] Embed Pods Frameworks";
			outputPaths = (
				"${TARGET_BUILD_DIR}/${FRAMEWORKS_FOLDER_PATH}/AWSAppSync.framework",
				"${TARGET_BUILD_DIR}/${FRAMEWORKS_FOLDER_PATH}/AWSCore.framework",
				"${TARGET_BUILD_DIR}/${FRAMEWORKS_FOLDER_PATH}/Reachability.framework",
				"${TARGET_BUILD_DIR}/${FRAMEWORKS_FOLDER_PATH}/SQLite.framework",
			);
			runOnlyForDeploymentPostprocessing = 0;
			shellPath = /bin/sh;
			shellScript = "\"${SRCROOT}/Pods/Target Support Files/Pods-AppSyncMessages/Pods-AppSyncMessages-frameworks.sh\"\n";
			showEnvVarsInLog = 0;
		};
		AFAF7CD674DAC7CE49CD7445 /* [CP] Check Pods Manifest.lock */ = {
			isa = PBXShellScriptBuildPhase;
			buildActionMask = 2147483647;
			files = (
			);
			inputPaths = (
				"${PODS_PODFILE_DIR_PATH}/Podfile.lock",
				"${PODS_ROOT}/Manifest.lock",
			);
			name = "[CP] Check Pods Manifest.lock";
			outputPaths = (
				"$(DERIVED_FILE_DIR)/Pods-AppSyncMessages-checkManifestLockResult.txt",
			);
			runOnlyForDeploymentPostprocessing = 0;
			shellPath = /bin/sh;
			shellScript = "diff \"${PODS_PODFILE_DIR_PATH}/Podfile.lock\" \"${PODS_ROOT}/Manifest.lock\" > /dev/null\nif [ $? != 0 ] ; then\n    # print error to STDERR\n    echo \"error: The sandbox is not in sync with the Podfile.lock. Run 'pod install' or update your CocoaPods installation.\" >&2\n    exit 1\nfi\n# This output is used by Xcode 'outputs' to avoid re-running this script phase.\necho \"SUCCESS\" > \"${SCRIPT_OUTPUT_FILE_0}\"\n";
			showEnvVarsInLog = 0;
		};
		C61471FA08ADB7D584E33467 /* [CP] Check Pods Manifest.lock */ = {
			isa = PBXShellScriptBuildPhase;
			buildActionMask = 2147483647;
			files = (
			);
			inputPaths = (
				"${PODS_PODFILE_DIR_PATH}/Podfile.lock",
				"${PODS_ROOT}/Manifest.lock",
			);
			name = "[CP] Check Pods Manifest.lock";
			outputPaths = (
				"$(DERIVED_FILE_DIR)/Pods-AppSyncMessagesTests-checkManifestLockResult.txt",
			);
			runOnlyForDeploymentPostprocessing = 0;
			shellPath = /bin/sh;
			shellScript = "diff \"${PODS_PODFILE_DIR_PATH}/Podfile.lock\" \"${PODS_ROOT}/Manifest.lock\" > /dev/null\nif [ $? != 0 ] ; then\n    # print error to STDERR\n    echo \"error: The sandbox is not in sync with the Podfile.lock. Run 'pod install' or update your CocoaPods installation.\" >&2\n    exit 1\nfi\n# This output is used by Xcode 'outputs' to avoid re-running this script phase.\necho \"SUCCESS\" > \"${SCRIPT_OUTPUT_FILE_0}\"\n";
			showEnvVarsInLog = 0;
		};
/* End PBXShellScriptBuildPhase section */

/* Begin PBXSourcesBuildPhase section */
		D0AA6E4020E100780068B02B /* Sources */ = {
			isa = PBXSourcesBuildPhase;
			buildActionMask = 2147483647;
			files = (
				D0AA6E9E20E3E05B0068B02B /* MessagesCollectionViewController.swift in Sources */,
				D0AA6EA020E4F9F00068B02B /* DateExtension.swift in Sources */,
				D0AA6EA220E50B6D0068B02B /* UIFontExtension.swift in Sources */,
				D0F6D0CE20EE4ED3004E7E2F /* UITextViewExtension.swift in Sources */,
				D0F6D0C820ED1E69004E7E2F /* ProfileDataManager.swift in Sources */,
				D0E6B9FC20F764D700059745 /* AppSyncService.swift in Sources */,
				D0AA6E4A20E100780068B02B /* ConversationsController.swift in Sources */,
				D0F6D0CA20ED1FED004E7E2F /* CoreDataManager.swift in Sources */,
				D0AA6E8A20E255FF0068B02B /* MessagesDataManager.swift in Sources */,
				D0AA6E8D20E25C380068B02B /* ConversationCellViewModel.swift in Sources */,
				D0AA6EA420E535440068B02B /* ChatBubbleCell.swift in Sources */,
				D0AA6E5020E100780068B02B /* AppSyncMessages.xcdatamodeld in Sources */,
				D0AA6E8120E145470068B02B /* ConversationCell.swift in Sources */,
				D0AA6E8320E233090068B02B /* SearchCell.swift in Sources */,
				D0100C7820F76B590028929E /* API.swift in Sources */,
				D0AA6E8720E23DF80068B02B /* UISearchBarExtension.swift in Sources */,
				D0AA6E7C20E142DE0068B02B /* UIColorExtension.swift in Sources */,
				D0AA6E7A20E142B30068B02B /* UIViewExtension.swift in Sources */,
				D0AA6E4820E100780068B02B /* AppDelegate.swift in Sources */,
				D0E6B9F920F75E7A00059745 /* Constants.swift in Sources */,
			);
			runOnlyForDeploymentPostprocessing = 0;
		};
		D0AA6E5720E1007A0068B02B /* Sources */ = {
			isa = PBXSourcesBuildPhase;
			buildActionMask = 2147483647;
			files = (
				D0AA6E6020E1007A0068B02B /* AppSyncMessagesTests.swift in Sources */,
			);
			runOnlyForDeploymentPostprocessing = 0;
		};
		D0AA6E6220E1007A0068B02B /* Sources */ = {
			isa = PBXSourcesBuildPhase;
			buildActionMask = 2147483647;
			files = (
				D0AA6E6B20E1007A0068B02B /* AppSyncMessagesUITests.swift in Sources */,
			);
			runOnlyForDeploymentPostprocessing = 0;
		};
/* End PBXSourcesBuildPhase section */

/* Begin PBXTargetDependency section */
		D0AA6E5D20E1007A0068B02B /* PBXTargetDependency */ = {
			isa = PBXTargetDependency;
			target = D0AA6E4320E100780068B02B /* AppSyncMessages */;
			targetProxy = D0AA6E5C20E1007A0068B02B /* PBXContainerItemProxy */;
		};
		D0AA6E6820E1007A0068B02B /* PBXTargetDependency */ = {
			isa = PBXTargetDependency;
			target = D0AA6E4320E100780068B02B /* AppSyncMessages */;
			targetProxy = D0AA6E6720E1007A0068B02B /* PBXContainerItemProxy */;
		};
/* End PBXTargetDependency section */

/* Begin PBXVariantGroup section */
		D0AA6E5320E1007A0068B02B /* LaunchScreen.storyboard */ = {
			isa = PBXVariantGroup;
			children = (
				D0AA6E5420E1007A0068B02B /* Base */,
			);
			name = LaunchScreen.storyboard;
			sourceTree = "<group>";
		};
/* End PBXVariantGroup section */

/* Begin XCBuildConfiguration section */
		D0AA6E6D20E1007A0068B02B /* Debug */ = {
			isa = XCBuildConfiguration;
			buildSettings = {
				ALWAYS_SEARCH_USER_PATHS = NO;
				CLANG_ANALYZER_NONNULL = YES;
				CLANG_ANALYZER_NUMBER_OBJECT_CONVERSION = YES_AGGRESSIVE;
				CLANG_CXX_LANGUAGE_STANDARD = "gnu++14";
				CLANG_CXX_LIBRARY = "libc++";
				CLANG_ENABLE_MODULES = YES;
				CLANG_ENABLE_OBJC_ARC = YES;
				CLANG_ENABLE_OBJC_WEAK = YES;
				CLANG_WARN_BLOCK_CAPTURE_AUTORELEASING = YES;
				CLANG_WARN_BOOL_CONVERSION = YES;
				CLANG_WARN_COMMA = YES;
				CLANG_WARN_CONSTANT_CONVERSION = YES;
				CLANG_WARN_DEPRECATED_OBJC_IMPLEMENTATIONS = YES;
				CLANG_WARN_DIRECT_OBJC_ISA_USAGE = YES_ERROR;
				CLANG_WARN_DOCUMENTATION_COMMENTS = YES;
				CLANG_WARN_EMPTY_BODY = YES;
				CLANG_WARN_ENUM_CONVERSION = YES;
				CLANG_WARN_INFINITE_RECURSION = YES;
				CLANG_WARN_INT_CONVERSION = YES;
				CLANG_WARN_NON_LITERAL_NULL_CONVERSION = YES;
				CLANG_WARN_OBJC_IMPLICIT_RETAIN_SELF = YES;
				CLANG_WARN_OBJC_LITERAL_CONVERSION = YES;
				CLANG_WARN_OBJC_ROOT_CLASS = YES_ERROR;
				CLANG_WARN_RANGE_LOOP_ANALYSIS = YES;
				CLANG_WARN_STRICT_PROTOTYPES = YES;
				CLANG_WARN_SUSPICIOUS_MOVE = YES;
				CLANG_WARN_UNGUARDED_AVAILABILITY = YES_AGGRESSIVE;
				CLANG_WARN_UNREACHABLE_CODE = YES;
				CLANG_WARN__DUPLICATE_METHOD_MATCH = YES;
				CODE_SIGN_IDENTITY = "iPhone Developer";
				COPY_PHASE_STRIP = NO;
				DEBUG_INFORMATION_FORMAT = dwarf;
				ENABLE_STRICT_OBJC_MSGSEND = YES;
				ENABLE_TESTABILITY = YES;
				GCC_C_LANGUAGE_STANDARD = gnu11;
				GCC_DYNAMIC_NO_PIC = NO;
				GCC_NO_COMMON_BLOCKS = YES;
				GCC_OPTIMIZATION_LEVEL = 0;
				GCC_PREPROCESSOR_DEFINITIONS = (
					"DEBUG=1",
					"$(inherited)",
				);
				GCC_WARN_64_TO_32_BIT_CONVERSION = YES;
				GCC_WARN_ABOUT_RETURN_TYPE = YES_ERROR;
				GCC_WARN_UNDECLARED_SELECTOR = YES;
				GCC_WARN_UNINITIALIZED_AUTOS = YES_AGGRESSIVE;
				GCC_WARN_UNUSED_FUNCTION = YES;
				GCC_WARN_UNUSED_VARIABLE = YES;
				IPHONEOS_DEPLOYMENT_TARGET = 11.3;
				MTL_ENABLE_DEBUG_INFO = YES;
				ONLY_ACTIVE_ARCH = YES;
				SDKROOT = iphoneos;
				SWIFT_ACTIVE_COMPILATION_CONDITIONS = DEBUG;
				SWIFT_OPTIMIZATION_LEVEL = "-Onone";
			};
			name = Debug;
		};
		D0AA6E6E20E1007A0068B02B /* Release */ = {
			isa = XCBuildConfiguration;
			buildSettings = {
				ALWAYS_SEARCH_USER_PATHS = NO;
				CLANG_ANALYZER_NONNULL = YES;
				CLANG_ANALYZER_NUMBER_OBJECT_CONVERSION = YES_AGGRESSIVE;
				CLANG_CXX_LANGUAGE_STANDARD = "gnu++14";
				CLANG_CXX_LIBRARY = "libc++";
				CLANG_ENABLE_MODULES = YES;
				CLANG_ENABLE_OBJC_ARC = YES;
				CLANG_ENABLE_OBJC_WEAK = YES;
				CLANG_WARN_BLOCK_CAPTURE_AUTORELEASING = YES;
				CLANG_WARN_BOOL_CONVERSION = YES;
				CLANG_WARN_COMMA = YES;
				CLANG_WARN_CONSTANT_CONVERSION = YES;
				CLANG_WARN_DEPRECATED_OBJC_IMPLEMENTATIONS = YES;
				CLANG_WARN_DIRECT_OBJC_ISA_USAGE = YES_ERROR;
				CLANG_WARN_DOCUMENTATION_COMMENTS = YES;
				CLANG_WARN_EMPTY_BODY = YES;
				CLANG_WARN_ENUM_CONVERSION = YES;
				CLANG_WARN_INFINITE_RECURSION = YES;
				CLANG_WARN_INT_CONVERSION = YES;
				CLANG_WARN_NON_LITERAL_NULL_CONVERSION = YES;
				CLANG_WARN_OBJC_IMPLICIT_RETAIN_SELF = YES;
				CLANG_WARN_OBJC_LITERAL_CONVERSION = YES;
				CLANG_WARN_OBJC_ROOT_CLASS = YES_ERROR;
				CLANG_WARN_RANGE_LOOP_ANALYSIS = YES;
				CLANG_WARN_STRICT_PROTOTYPES = YES;
				CLANG_WARN_SUSPICIOUS_MOVE = YES;
				CLANG_WARN_UNGUARDED_AVAILABILITY = YES_AGGRESSIVE;
				CLANG_WARN_UNREACHABLE_CODE = YES;
				CLANG_WARN__DUPLICATE_METHOD_MATCH = YES;
				CODE_SIGN_IDENTITY = "iPhone Developer";
				COPY_PHASE_STRIP = NO;
				DEBUG_INFORMATION_FORMAT = "dwarf-with-dsym";
				ENABLE_NS_ASSERTIONS = NO;
				ENABLE_STRICT_OBJC_MSGSEND = YES;
				GCC_C_LANGUAGE_STANDARD = gnu11;
				GCC_NO_COMMON_BLOCKS = YES;
				GCC_WARN_64_TO_32_BIT_CONVERSION = YES;
				GCC_WARN_ABOUT_RETURN_TYPE = YES_ERROR;
				GCC_WARN_UNDECLARED_SELECTOR = YES;
				GCC_WARN_UNINITIALIZED_AUTOS = YES_AGGRESSIVE;
				GCC_WARN_UNUSED_FUNCTION = YES;
				GCC_WARN_UNUSED_VARIABLE = YES;
				IPHONEOS_DEPLOYMENT_TARGET = 11.3;
				MTL_ENABLE_DEBUG_INFO = NO;
				SDKROOT = iphoneos;
				SWIFT_COMPILATION_MODE = wholemodule;
				SWIFT_OPTIMIZATION_LEVEL = "-O";
				VALIDATE_PRODUCT = YES;
			};
			name = Release;
		};
		D0AA6E7020E1007A0068B02B /* Debug */ = {
			isa = XCBuildConfiguration;
			baseConfigurationReference = B5F2917FE33E12B838B62244 /* Pods-AppSyncMessages.debug.xcconfig */;
			buildSettings = {
				ASSETCATALOG_COMPILER_APPICON_NAME = AppIcon;
				CODE_SIGN_STYLE = Automatic;
				DEVELOPMENT_TEAM = FT33WFGCD6;
				INFOPLIST_FILE = AppSyncMessages/Info.plist;
				LD_RUNPATH_SEARCH_PATHS = (
					"$(inherited)",
					"@executable_path/Frameworks",
				);
				PRODUCT_BUNDLE_IDENTIFIER = com.t101.AppSyncMessages;
				PRODUCT_NAME = "$(TARGET_NAME)";
				SWIFT_VERSION = 4.0;
				TARGETED_DEVICE_FAMILY = "1,2";
			};
			name = Debug;
		};
		D0AA6E7120E1007A0068B02B /* Release */ = {
			isa = XCBuildConfiguration;
			baseConfigurationReference = 34559A630126DCE0838504CD /* Pods-AppSyncMessages.release.xcconfig */;
			buildSettings = {
				ASSETCATALOG_COMPILER_APPICON_NAME = AppIcon;
				CODE_SIGN_STYLE = Automatic;
				DEVELOPMENT_TEAM = FT33WFGCD6;
				INFOPLIST_FILE = AppSyncMessages/Info.plist;
				LD_RUNPATH_SEARCH_PATHS = (
					"$(inherited)",
					"@executable_path/Frameworks",
				);
				PRODUCT_BUNDLE_IDENTIFIER = com.t101.AppSyncMessages;
				PRODUCT_NAME = "$(TARGET_NAME)";
				SWIFT_VERSION = 4.0;
				TARGETED_DEVICE_FAMILY = "1,2";
			};
			name = Release;
		};
		D0AA6E7320E1007A0068B02B /* Debug */ = {
			isa = XCBuildConfiguration;
			baseConfigurationReference = 9674E38D637F758F0C8FA4CA /* Pods-AppSyncMessagesTests.debug.xcconfig */;
			buildSettings = {
				ALWAYS_EMBED_SWIFT_STANDARD_LIBRARIES = YES;
				BUNDLE_LOADER = "$(TEST_HOST)";
				CODE_SIGN_STYLE = Automatic;
				DEVELOPMENT_TEAM = FT33WFGCD6;
				INFOPLIST_FILE = AppSyncMessagesTests/Info.plist;
				LD_RUNPATH_SEARCH_PATHS = (
					"$(inherited)",
					"@executable_path/Frameworks",
					"@loader_path/Frameworks",
				);
				PRODUCT_BUNDLE_IDENTIFIER = com.t101.AppSyncMessagesTests;
				PRODUCT_NAME = "$(TARGET_NAME)";
				SWIFT_VERSION = 4.0;
				TARGETED_DEVICE_FAMILY = "1,2";
				TEST_HOST = "$(BUILT_PRODUCTS_DIR)/AppSyncMessages.app/AppSyncMessages";
			};
			name = Debug;
		};
		D0AA6E7420E1007A0068B02B /* Release */ = {
			isa = XCBuildConfiguration;
			baseConfigurationReference = D1FDA659F208DC16E103181F /* Pods-AppSyncMessagesTests.release.xcconfig */;
			buildSettings = {
				ALWAYS_EMBED_SWIFT_STANDARD_LIBRARIES = YES;
				BUNDLE_LOADER = "$(TEST_HOST)";
				CODE_SIGN_STYLE = Automatic;
				DEVELOPMENT_TEAM = FT33WFGCD6;
				INFOPLIST_FILE = AppSyncMessagesTests/Info.plist;
				LD_RUNPATH_SEARCH_PATHS = (
					"$(inherited)",
					"@executable_path/Frameworks",
					"@loader_path/Frameworks",
				);
				PRODUCT_BUNDLE_IDENTIFIER = com.t101.AppSyncMessagesTests;
				PRODUCT_NAME = "$(TARGET_NAME)";
				SWIFT_VERSION = 4.0;
				TARGETED_DEVICE_FAMILY = "1,2";
				TEST_HOST = "$(BUILT_PRODUCTS_DIR)/AppSyncMessages.app/AppSyncMessages";
			};
			name = Release;
		};
		D0AA6E7620E1007A0068B02B /* Debug */ = {
			isa = XCBuildConfiguration;
			baseConfigurationReference = 4B81F04175C42B9275D88B87 /* Pods-AppSyncMessagesUITests.debug.xcconfig */;
			buildSettings = {
				ALWAYS_EMBED_SWIFT_STANDARD_LIBRARIES = YES;
				CODE_SIGN_STYLE = Automatic;
				DEVELOPMENT_TEAM = FT33WFGCD6;
				INFOPLIST_FILE = AppSyncMessagesUITests/Info.plist;
				LD_RUNPATH_SEARCH_PATHS = (
					"$(inherited)",
					"@executable_path/Frameworks",
					"@loader_path/Frameworks",
				);
				PRODUCT_BUNDLE_IDENTIFIER = com.t101.AppSyncMessagesUITests;
				PRODUCT_NAME = "$(TARGET_NAME)";
				SWIFT_VERSION = 4.0;
				TARGETED_DEVICE_FAMILY = "1,2";
				TEST_TARGET_NAME = AppSyncMessages;
			};
			name = Debug;
		};
		D0AA6E7720E1007A0068B02B /* Release */ = {
			isa = XCBuildConfiguration;
			baseConfigurationReference = 42ADC18EB33B7AEFFADE7E07 /* Pods-AppSyncMessagesUITests.release.xcconfig */;
			buildSettings = {
				ALWAYS_EMBED_SWIFT_STANDARD_LIBRARIES = YES;
				CODE_SIGN_STYLE = Automatic;
				DEVELOPMENT_TEAM = FT33WFGCD6;
				INFOPLIST_FILE = AppSyncMessagesUITests/Info.plist;
				LD_RUNPATH_SEARCH_PATHS = (
					"$(inherited)",
					"@executable_path/Frameworks",
					"@loader_path/Frameworks",
				);
				PRODUCT_BUNDLE_IDENTIFIER = com.t101.AppSyncMessagesUITests;
				PRODUCT_NAME = "$(TARGET_NAME)";
				SWIFT_VERSION = 4.0;
				TARGETED_DEVICE_FAMILY = "1,2";
				TEST_TARGET_NAME = AppSyncMessages;
			};
			name = Release;
		};
/* End XCBuildConfiguration section */

/* Begin XCConfigurationList section */
		D0AA6E3F20E100780068B02B /* Build configuration list for PBXProject "AppSyncMessages" */ = {
			isa = XCConfigurationList;
			buildConfigurations = (
				D0AA6E6D20E1007A0068B02B /* Debug */,
				D0AA6E6E20E1007A0068B02B /* Release */,
			);
			defaultConfigurationIsVisible = 0;
			defaultConfigurationName = Release;
		};
		D0AA6E6F20E1007A0068B02B /* Build configuration list for PBXNativeTarget "AppSyncMessages" */ = {
			isa = XCConfigurationList;
			buildConfigurations = (
				D0AA6E7020E1007A0068B02B /* Debug */,
				D0AA6E7120E1007A0068B02B /* Release */,
			);
			defaultConfigurationIsVisible = 0;
			defaultConfigurationName = Release;
		};
		D0AA6E7220E1007A0068B02B /* Build configuration list for PBXNativeTarget "AppSyncMessagesTests" */ = {
			isa = XCConfigurationList;
			buildConfigurations = (
				D0AA6E7320E1007A0068B02B /* Debug */,
				D0AA6E7420E1007A0068B02B /* Release */,
			);
			defaultConfigurationIsVisible = 0;
			defaultConfigurationName = Release;
		};
		D0AA6E7520E1007A0068B02B /* Build configuration list for PBXNativeTarget "AppSyncMessagesUITests" */ = {
			isa = XCConfigurationList;
			buildConfigurations = (
				D0AA6E7620E1007A0068B02B /* Debug */,
				D0AA6E7720E1007A0068B02B /* Release */,
			);
			defaultConfigurationIsVisible = 0;
			defaultConfigurationName = Release;
		};
/* End XCConfigurationList section */

/* Begin XCVersionGroup section */
		D0AA6E4E20E100780068B02B /* AppSyncMessages.xcdatamodeld */ = {
			isa = XCVersionGroup;
			children = (
				D0AA6E4F20E100780068B02B /* AppSyncMessages.xcdatamodel */,
			);
			currentVersion = D0AA6E4F20E100780068B02B /* AppSyncMessages.xcdatamodel */;
			path = AppSyncMessages.xcdatamodeld;
			sourceTree = "<group>";
			versionGroupType = wrapper.xcdatamodel;
		};
/* End XCVersionGroup section */
	};
	rootObject = D0AA6E3C20E100780068B02B /* Project object */;
}
